
Microsoft Visual Studio Solution File, Format Version 12.00
# Visual Studio Version 17
VisualStudioVersion = 17.8.34330.188
MinimumVisualStudioVersion = 10.0.40219.1
Project("{FAE04EC0-301F-11D3-BF4B-00C04F79EFBC}") = "EvidencijaNezaposlenih.Repozitorijum", "EvidencijaNezaposlenih.Repozitorijum\EvidencijaNezaposlenih.Repozitorijum.csproj", "{601E8A04-6169-40CF-9057-76BD77E42A89}"
EndProject
Project("{FAE04EC0-301F-11D3-BF4B-00C04F79EFBC}") = "EvidencijaNezaposlenih.Modeli", "EvidencijaNezaposlenih.Modeli\EvidencijaNezaposlenih.Modeli.csproj", "{E43DDEB2-A7AB-459D-870D-E57C1CE06870}"
EndProject
Global
	GlobalSection(SolutionConfigurationPlatforms) = preSolution
		Debug|Any CPU = Debug|Any CPU
		Release|Any CPU = Release|Any CPU
	EndGlobalSection
	GlobalSection(ProjectConfigurationPlatforms) = postSolution
		{601E8A04-6169-40CF-9057-76BD77E42A89}.Debug|Any CPU.ActiveCfg = Debug|Any CPU
		{601E8A04-6169-40CF-9057-76BD77E42A89}.Debug|Any CPU.Build.0 = Debug|Any CPU
		{601E8A04-6169-40CF-9057-76BD77E42A89}.Release|Any CPU.ActiveCfg = Release|Any CPU
		{601E8A04-6169-40CF-9057-76BD77E42A89}.Release|Any CPU.Build.0 = Release|Any CPU
		{E43DDEB2-A7AB-459D-870D-E57C1CE06870}.Debug|Any CPU.ActiveCfg = Debug|Any CPU
		{E43DDEB2-A7AB-459D-870D-E57C1CE06870}.Debug|Any CPU.Build.0 = Debug|Any CPU
		{E43DDEB2-A7AB-459D-870D-E57C1CE06870}.Release|Any CPU.ActiveCfg = Release|Any CPU
		{E43DDEB2-A7AB-459D-870D-E57C1CE06870}.Release|Any CPU.Build.0 = Release|Any CPU
	EndGlobalSection
	GlobalSection(SolutionProperties) = preSolution
		HideSolutionNode = FALSE
	EndGlobalSection
	GlobalSection(ExtensibilityGlobals) = postSolution
		SolutionGuid = {1C5BA787-8F64-4641-872A-2AEF31277D43}
	EndGlobalSection
EndGlobal
